
Microsoft Visual Studio Solution File, Format Version 12.00
# Visual Studio 15
VisualStudioVersion = 15.0.27703.2035
MinimumVisualStudioVersion = 10.0.40219.1
Project("{9A19103F-16F7-4668-BE54-9A1E7A4F7556}") = "SquipApi.WebApi", "SquipApi.WebApi\SquipApi.WebApi.csproj", "{AF948129-F018-4201-804C-91F80A9F498B}"
EndProject
Project("{9A19103F-16F7-4668-BE54-9A1E7A4F7556}") = "SquipApi.Pocos", "SquipApi.Pocos\SquipApi.Pocos.csproj", "{FA0AB765-0B42-4E1E-B786-51948BC8C43D}"
EndProject
Project("{9A19103F-16F7-4668-BE54-9A1E7A4F7556}") = "SquipApi.EntityFramework", "SquipApi.EntityFramework\SquipApi.EntityFramework.csproj", "{4D2118CF-C764-4687-9CF2-952F61C3515E}"
EndProject
Project("{2150E333-8FDC-42A3-9474-1A3956D46DE8}") = "Solution Items", "Solution Items", "{922167F0-8D23-4AAB-960D-6C2252A29EB4}"
	ProjectSection(SolutionItems) = preProject
		Add-Migration.ps1 = Add-Migration.ps1
	EndProjectSection
EndProject
Global
	GlobalSection(SolutionConfigurationPlatforms) = preSolution
		Debug|Any CPU = Debug|Any CPU
		Release|Any CPU = Release|Any CPU
	EndGlobalSection
	GlobalSection(ProjectConfigurationPlatforms) = postSolution
		{AF948129-F018-4201-804C-91F80A9F498B}.Debug|Any CPU.ActiveCfg = Debug|Any CPU
		{AF948129-F018-4201-804C-91F80A9F498B}.Debug|Any CPU.Build.0 = Debug|Any CPU
		{AF948129-F018-4201-804C-91F80A9F498B}.Release|Any CPU.ActiveCfg = Release|Any CPU
		{AF948129-F018-4201-804C-91F80A9F498B}.Release|Any CPU.Build.0 = Release|Any CPU
		{FA0AB765-0B42-4E1E-B786-51948BC8C43D}.Debug|Any CPU.ActiveCfg = Debug|Any CPU
		{FA0AB765-0B42-4E1E-B786-51948BC8C43D}.Debug|Any CPU.Build.0 = Debug|Any CPU
		{FA0AB765-0B42-4E1E-B786-51948BC8C43D}.Release|Any CPU.ActiveCfg = Release|Any CPU
		{FA0AB765-0B42-4E1E-B786-51948BC8C43D}.Release|Any CPU.Build.0 = Release|Any CPU
		{4D2118CF-C764-4687-9CF2-952F61C3515E}.Debug|Any CPU.ActiveCfg = Debug|Any CPU
		{4D2118CF-C764-4687-9CF2-952F61C3515E}.Debug|Any CPU.Build.0 = Debug|Any CPU
		{4D2118CF-C764-4687-9CF2-952F61C3515E}.Release|Any CPU.ActiveCfg = Release|Any CPU
		{4D2118CF-C764-4687-9CF2-952F61C3515E}.Release|Any CPU.Build.0 = Release|Any CPU
	EndGlobalSection
	GlobalSection(SolutionProperties) = preSolution
		HideSolutionNode = FALSE
	EndGlobalSection
	GlobalSection(ExtensibilityGlobals) = postSolution
		SolutionGuid = {F2EADBF9-837D-4B95-93BA-BE9F6EB75C6C}
	EndGlobalSection
EndGlobal
