
Microsoft Visual Studio Solution File, Format Version 12.00
# Visual Studio Version 16
VisualStudioVersion = 16.0.29102.190
MinimumVisualStudioVersion = 15.0.26124.0
Project("{9A19103F-16F7-4668-BE54-9A1E7A4F7556}") = "Squip.RestApi", "Squip.RestApi\Squip.RestApi.csproj", "{8FDF7C51-8093-48D3-B76F-7899DBCE16F1}"
EndProject
Project("{9A19103F-16F7-4668-BE54-9A1E7A4F7556}") = "Squip.TestPlayground", "Squip.TestPlayground\Squip.TestPlayground.csproj", "{7E6FE4E1-F551-4B8B-993F-458B922919EE}"
EndProject
Project("{9A19103F-16F7-4668-BE54-9A1E7A4F7556}") = "Squip.Rest", "Squip.Rest\Squip.Rest.csproj", "{D1A5936C-3842-4EF5-AE59-440302DD8E0E}"
EndProject
Global
	GlobalSection(SolutionConfigurationPlatforms) = preSolution
		Debug|Any CPU = Debug|Any CPU
		Debug|x64 = Debug|x64
		Debug|x86 = Debug|x86
		Release|Any CPU = Release|Any CPU
		Release|x64 = Release|x64
		Release|x86 = Release|x86
	EndGlobalSection
	GlobalSection(ProjectConfigurationPlatforms) = postSolution
		{8FDF7C51-8093-48D3-B76F-7899DBCE16F1}.Debug|Any CPU.ActiveCfg = Debug|Any CPU
		{8FDF7C51-8093-48D3-B76F-7899DBCE16F1}.Debug|Any CPU.Build.0 = Debug|Any CPU
		{8FDF7C51-8093-48D3-B76F-7899DBCE16F1}.Debug|x64.ActiveCfg = Debug|Any CPU
		{8FDF7C51-8093-48D3-B76F-7899DBCE16F1}.Debug|x64.Build.0 = Debug|Any CPU
		{8FDF7C51-8093-48D3-B76F-7899DBCE16F1}.Debug|x86.ActiveCfg = Debug|Any CPU
		{8FDF7C51-8093-48D3-B76F-7899DBCE16F1}.Debug|x86.Build.0 = Debug|Any CPU
		{8FDF7C51-8093-48D3-B76F-7899DBCE16F1}.Release|Any CPU.ActiveCfg = Release|Any CPU
		{8FDF7C51-8093-48D3-B76F-7899DBCE16F1}.Release|Any CPU.Build.0 = Release|Any CPU
		{8FDF7C51-8093-48D3-B76F-7899DBCE16F1}.Release|x64.ActiveCfg = Release|Any CPU
		{8FDF7C51-8093-48D3-B76F-7899DBCE16F1}.Release|x64.Build.0 = Release|Any CPU
		{8FDF7C51-8093-48D3-B76F-7899DBCE16F1}.Release|x86.ActiveCfg = Release|Any CPU
		{8FDF7C51-8093-48D3-B76F-7899DBCE16F1}.Release|x86.Build.0 = Release|Any CPU
		{7E6FE4E1-F551-4B8B-993F-458B922919EE}.Debug|Any CPU.ActiveCfg = Debug|Any CPU
		{7E6FE4E1-F551-4B8B-993F-458B922919EE}.Debug|Any CPU.Build.0 = Debug|Any CPU
		{7E6FE4E1-F551-4B8B-993F-458B922919EE}.Debug|x64.ActiveCfg = Debug|Any CPU
		{7E6FE4E1-F551-4B8B-993F-458B922919EE}.Debug|x64.Build.0 = Debug|Any CPU
		{7E6FE4E1-F551-4B8B-993F-458B922919EE}.Debug|x86.ActiveCfg = Debug|Any CPU
		{7E6FE4E1-F551-4B8B-993F-458B922919EE}.Debug|x86.Build.0 = Debug|Any CPU
		{7E6FE4E1-F551-4B8B-993F-458B922919EE}.Release|Any CPU.ActiveCfg = Release|Any CPU
		{7E6FE4E1-F551-4B8B-993F-458B922919EE}.Release|Any CPU.Build.0 = Release|Any CPU
		{7E6FE4E1-F551-4B8B-993F-458B922919EE}.Release|x64.ActiveCfg = Release|Any CPU
		{7E6FE4E1-F551-4B8B-993F-458B922919EE}.Release|x64.Build.0 = Release|Any CPU
		{7E6FE4E1-F551-4B8B-993F-458B922919EE}.Release|x86.ActiveCfg = Release|Any CPU
		{7E6FE4E1-F551-4B8B-993F-458B922919EE}.Release|x86.Build.0 = Release|Any CPU
		{D1A5936C-3842-4EF5-AE59-440302DD8E0E}.Debug|Any CPU.ActiveCfg = Debug|Any CPU
		{D1A5936C-3842-4EF5-AE59-440302DD8E0E}.Debug|Any CPU.Build.0 = Debug|Any CPU
		{D1A5936C-3842-4EF5-AE59-440302DD8E0E}.Debug|x64.ActiveCfg = Debug|Any CPU
		{D1A5936C-3842-4EF5-AE59-440302DD8E0E}.Debug|x64.Build.0 = Debug|Any CPU
		{D1A5936C-3842-4EF5-AE59-440302DD8E0E}.Debug|x86.ActiveCfg = Debug|Any CPU
		{D1A5936C-3842-4EF5-AE59-440302DD8E0E}.Debug|x86.Build.0 = Debug|Any CPU
		{D1A5936C-3842-4EF5-AE59-440302DD8E0E}.Release|Any CPU.ActiveCfg = Release|Any CPU
		{D1A5936C-3842-4EF5-AE59-440302DD8E0E}.Release|Any CPU.Build.0 = Release|Any CPU
		{D1A5936C-3842-4EF5-AE59-440302DD8E0E}.Release|x64.ActiveCfg = Release|Any CPU
		{D1A5936C-3842-4EF5-AE59-440302DD8E0E}.Release|x64.Build.0 = Release|Any CPU
		{D1A5936C-3842-4EF5-AE59-440302DD8E0E}.Release|x86.ActiveCfg = Release|Any CPU
		{D1A5936C-3842-4EF5-AE59-440302DD8E0E}.Release|x86.Build.0 = Release|Any CPU
	EndGlobalSection
	GlobalSection(SolutionProperties) = preSolution
		HideSolutionNode = FALSE
	EndGlobalSection
	GlobalSection(ExtensibilityGlobals) = postSolution
		SolutionGuid = {89875088-83CB-4C75-90A0-695EA34B3FCF}
	EndGlobalSection
EndGlobal
