
Microsoft Visual Studio Solution File, Format Version 12.00
# Visual Studio Version 16
VisualStudioVersion = 16.0.29102.190
MinimumVisualStudioVersion = 15.0.26124.0
Project("{9A19103F-16F7-4668-BE54-9A1E7A4F7556}") = "Squip.Api", "Squip.Api\Squip.Api.csproj", "{3BF6B8A5-0A7B-4AEF-80B3-9E6A8E464AAE}"
EndProject
Project("{FAE04EC0-301F-11D3-BF4B-00C04F79EFBC}") = "Squip.Domain", "Squip.DomainModels\Squip.Domain.csproj", "{4FA846D7-48C5-4C9A-9B02-2B9AEF066958}"
EndProject
Project("{FAE04EC0-301F-11D3-BF4B-00C04F79EFBC}") = "Squip.Data", "Squip.Repositories\Squip.Data.csproj", "{DFF03D2F-AC32-4E44-94AE-7D649B553D9E}"
EndProject
Project("{FAE04EC0-301F-11D3-BF4B-00C04F79EFBC}") = "Squip.Services", "Squip.Services\Squip.Services.csproj", "{99136B9A-2D9D-427A-B47F-9836602A8987}"
EndProject
Global
	GlobalSection(SolutionConfigurationPlatforms) = preSolution
		Debug|Any CPU = Debug|Any CPU
		Debug|x64 = Debug|x64
		Debug|x86 = Debug|x86
		Release|Any CPU = Release|Any CPU
		Release|x64 = Release|x64
		Release|x86 = Release|x86
	EndGlobalSection
	GlobalSection(ProjectConfigurationPlatforms) = postSolution
		{3BF6B8A5-0A7B-4AEF-80B3-9E6A8E464AAE}.Debug|Any CPU.ActiveCfg = Debug|Any CPU
		{3BF6B8A5-0A7B-4AEF-80B3-9E6A8E464AAE}.Debug|Any CPU.Build.0 = Debug|Any CPU
		{3BF6B8A5-0A7B-4AEF-80B3-9E6A8E464AAE}.Debug|x64.ActiveCfg = Debug|Any CPU
		{3BF6B8A5-0A7B-4AEF-80B3-9E6A8E464AAE}.Debug|x64.Build.0 = Debug|Any CPU
		{3BF6B8A5-0A7B-4AEF-80B3-9E6A8E464AAE}.Debug|x86.ActiveCfg = Debug|Any CPU
		{3BF6B8A5-0A7B-4AEF-80B3-9E6A8E464AAE}.Debug|x86.Build.0 = Debug|Any CPU
		{3BF6B8A5-0A7B-4AEF-80B3-9E6A8E464AAE}.Release|Any CPU.ActiveCfg = Release|Any CPU
		{3BF6B8A5-0A7B-4AEF-80B3-9E6A8E464AAE}.Release|Any CPU.Build.0 = Release|Any CPU
		{3BF6B8A5-0A7B-4AEF-80B3-9E6A8E464AAE}.Release|x64.ActiveCfg = Release|Any CPU
		{3BF6B8A5-0A7B-4AEF-80B3-9E6A8E464AAE}.Release|x64.Build.0 = Release|Any CPU
		{3BF6B8A5-0A7B-4AEF-80B3-9E6A8E464AAE}.Release|x86.ActiveCfg = Release|Any CPU
		{3BF6B8A5-0A7B-4AEF-80B3-9E6A8E464AAE}.Release|x86.Build.0 = Release|Any CPU
		{4FA846D7-48C5-4C9A-9B02-2B9AEF066958}.Debug|Any CPU.ActiveCfg = Debug|Any CPU
		{4FA846D7-48C5-4C9A-9B02-2B9AEF066958}.Debug|Any CPU.Build.0 = Debug|Any CPU
		{4FA846D7-48C5-4C9A-9B02-2B9AEF066958}.Debug|x64.ActiveCfg = Debug|Any CPU
		{4FA846D7-48C5-4C9A-9B02-2B9AEF066958}.Debug|x64.Build.0 = Debug|Any CPU
		{4FA846D7-48C5-4C9A-9B02-2B9AEF066958}.Debug|x86.ActiveCfg = Debug|Any CPU
		{4FA846D7-48C5-4C9A-9B02-2B9AEF066958}.Debug|x86.Build.0 = Debug|Any CPU
		{4FA846D7-48C5-4C9A-9B02-2B9AEF066958}.Release|Any CPU.ActiveCfg = Release|Any CPU
		{4FA846D7-48C5-4C9A-9B02-2B9AEF066958}.Release|Any CPU.Build.0 = Release|Any CPU
		{4FA846D7-48C5-4C9A-9B02-2B9AEF066958}.Release|x64.ActiveCfg = Release|Any CPU
		{4FA846D7-48C5-4C9A-9B02-2B9AEF066958}.Release|x64.Build.0 = Release|Any CPU
		{4FA846D7-48C5-4C9A-9B02-2B9AEF066958}.Release|x86.ActiveCfg = Release|Any CPU
		{4FA846D7-48C5-4C9A-9B02-2B9AEF066958}.Release|x86.Build.0 = Release|Any CPU
		{DFF03D2F-AC32-4E44-94AE-7D649B553D9E}.Debug|Any CPU.ActiveCfg = Debug|Any CPU
		{DFF03D2F-AC32-4E44-94AE-7D649B553D9E}.Debug|Any CPU.Build.0 = Debug|Any CPU
		{DFF03D2F-AC32-4E44-94AE-7D649B553D9E}.Debug|x64.ActiveCfg = Debug|Any CPU
		{DFF03D2F-AC32-4E44-94AE-7D649B553D9E}.Debug|x64.Build.0 = Debug|Any CPU
		{DFF03D2F-AC32-4E44-94AE-7D649B553D9E}.Debug|x86.ActiveCfg = Debug|Any CPU
		{DFF03D2F-AC32-4E44-94AE-7D649B553D9E}.Debug|x86.Build.0 = Debug|Any CPU
		{DFF03D2F-AC32-4E44-94AE-7D649B553D9E}.Release|Any CPU.ActiveCfg = Release|Any CPU
		{DFF03D2F-AC32-4E44-94AE-7D649B553D9E}.Release|Any CPU.Build.0 = Release|Any CPU
		{DFF03D2F-AC32-4E44-94AE-7D649B553D9E}.Release|x64.ActiveCfg = Release|Any CPU
		{DFF03D2F-AC32-4E44-94AE-7D649B553D9E}.Release|x64.Build.0 = Release|Any CPU
		{DFF03D2F-AC32-4E44-94AE-7D649B553D9E}.Release|x86.ActiveCfg = Release|Any CPU
		{DFF03D2F-AC32-4E44-94AE-7D649B553D9E}.Release|x86.Build.0 = Release|Any CPU
		{99136B9A-2D9D-427A-B47F-9836602A8987}.Debug|Any CPU.ActiveCfg = Debug|Any CPU
		{99136B9A-2D9D-427A-B47F-9836602A8987}.Debug|Any CPU.Build.0 = Debug|Any CPU
		{99136B9A-2D9D-427A-B47F-9836602A8987}.Debug|x64.ActiveCfg = Debug|Any CPU
		{99136B9A-2D9D-427A-B47F-9836602A8987}.Debug|x64.Build.0 = Debug|Any CPU
		{99136B9A-2D9D-427A-B47F-9836602A8987}.Debug|x86.ActiveCfg = Debug|Any CPU
		{99136B9A-2D9D-427A-B47F-9836602A8987}.Debug|x86.Build.0 = Debug|Any CPU
		{99136B9A-2D9D-427A-B47F-9836602A8987}.Release|Any CPU.ActiveCfg = Release|Any CPU
		{99136B9A-2D9D-427A-B47F-9836602A8987}.Release|Any CPU.Build.0 = Release|Any CPU
		{99136B9A-2D9D-427A-B47F-9836602A8987}.Release|x64.ActiveCfg = Release|Any CPU
		{99136B9A-2D9D-427A-B47F-9836602A8987}.Release|x64.Build.0 = Release|Any CPU
		{99136B9A-2D9D-427A-B47F-9836602A8987}.Release|x86.ActiveCfg = Release|Any CPU
		{99136B9A-2D9D-427A-B47F-9836602A8987}.Release|x86.Build.0 = Release|Any CPU
	EndGlobalSection
	GlobalSection(SolutionProperties) = preSolution
		HideSolutionNode = FALSE
	EndGlobalSection
	GlobalSection(ExtensibilityGlobals) = postSolution
		SolutionGuid = {89875088-83CB-4C75-90A0-695EA34B3FCF}
	EndGlobalSection
EndGlobal
