
Microsoft Visual Studio Solution File, Format Version 12.00
# Visual Studio Version 16
VisualStudioVersion = 16.0.29102.190
MinimumVisualStudioVersion = 15.0.26124.0
Project("{9A19103F-16F7-4668-BE54-9A1E7A4F7556}") = "Squip.TestPlayground", "Squip.TestPlayground\Squip.TestPlayground.csproj", "{7E6FE4E1-F551-4B8B-993F-458B922919EE}"
EndProject
Project("{9A19103F-16F7-4668-BE54-9A1E7A4F7556}") = "Squip.Rest", "Squip.Rest\Squip.Rest.csproj", "{D1A5936C-3842-4EF5-AE59-440302DD8E0E}"
EndProject
Project("{9A19103F-16F7-4668-BE54-9A1E7A4F7556}") = "Squip.Rest.Tests", "Squip.Rest.Tests\Squip.Rest.Tests.csproj", "{A25E8306-067D-4E19-80F2-CAD03E5FB24E}"
EndProject
Project("{9A19103F-16F7-4668-BE54-9A1E7A4F7556}") = "Squip.EndToEndTests", "Squip.EndToEndTests\Squip.EndToEndTests.csproj", "{3E01D04F-2C55-4AFF-9B18-9F4E2D4EB198}"
EndProject
Project("{2150E333-8FDC-42A3-9474-1A3956D46DE8}") = "Solution Items", "Solution Items", "{65A4741B-4606-4E3F-902E-B4026A6D3764}"
	ProjectSection(SolutionItems) = preProject
		azure-pipelines.yml = azure-pipelines.yml
		README.md = README.md
	EndProjectSection
EndProject
Project("{FAE04EC0-301F-11D3-BF4B-00C04F79EFBC}") = "Squip.Habits", "Squip.Habits\Squip.Habits.csproj", "{D10D2D90-A3B8-4099-87B7-C27B2D16C573}"
EndProject
Global
	GlobalSection(SolutionConfigurationPlatforms) = preSolution
		Debug|Any CPU = Debug|Any CPU
		Debug|x64 = Debug|x64
		Debug|x86 = Debug|x86
		Release|Any CPU = Release|Any CPU
		Release|x64 = Release|x64
		Release|x86 = Release|x86
	EndGlobalSection
	GlobalSection(ProjectConfigurationPlatforms) = postSolution
		{7E6FE4E1-F551-4B8B-993F-458B922919EE}.Debug|Any CPU.ActiveCfg = Debug|Any CPU
		{7E6FE4E1-F551-4B8B-993F-458B922919EE}.Debug|Any CPU.Build.0 = Debug|Any CPU
		{7E6FE4E1-F551-4B8B-993F-458B922919EE}.Debug|x64.ActiveCfg = Debug|Any CPU
		{7E6FE4E1-F551-4B8B-993F-458B922919EE}.Debug|x64.Build.0 = Debug|Any CPU
		{7E6FE4E1-F551-4B8B-993F-458B922919EE}.Debug|x86.ActiveCfg = Debug|Any CPU
		{7E6FE4E1-F551-4B8B-993F-458B922919EE}.Debug|x86.Build.0 = Debug|Any CPU
		{7E6FE4E1-F551-4B8B-993F-458B922919EE}.Release|Any CPU.ActiveCfg = Release|Any CPU
		{7E6FE4E1-F551-4B8B-993F-458B922919EE}.Release|Any CPU.Build.0 = Release|Any CPU
		{7E6FE4E1-F551-4B8B-993F-458B922919EE}.Release|x64.ActiveCfg = Release|Any CPU
		{7E6FE4E1-F551-4B8B-993F-458B922919EE}.Release|x64.Build.0 = Release|Any CPU
		{7E6FE4E1-F551-4B8B-993F-458B922919EE}.Release|x86.ActiveCfg = Release|Any CPU
		{7E6FE4E1-F551-4B8B-993F-458B922919EE}.Release|x86.Build.0 = Release|Any CPU
		{D1A5936C-3842-4EF5-AE59-440302DD8E0E}.Debug|Any CPU.ActiveCfg = Debug|Any CPU
		{D1A5936C-3842-4EF5-AE59-440302DD8E0E}.Debug|Any CPU.Build.0 = Debug|Any CPU
		{D1A5936C-3842-4EF5-AE59-440302DD8E0E}.Debug|x64.ActiveCfg = Debug|Any CPU
		{D1A5936C-3842-4EF5-AE59-440302DD8E0E}.Debug|x64.Build.0 = Debug|Any CPU
		{D1A5936C-3842-4EF5-AE59-440302DD8E0E}.Debug|x86.ActiveCfg = Debug|Any CPU
		{D1A5936C-3842-4EF5-AE59-440302DD8E0E}.Debug|x86.Build.0 = Debug|Any CPU
		{D1A5936C-3842-4EF5-AE59-440302DD8E0E}.Release|Any CPU.ActiveCfg = Release|Any CPU
		{D1A5936C-3842-4EF5-AE59-440302DD8E0E}.Release|Any CPU.Build.0 = Release|Any CPU
		{D1A5936C-3842-4EF5-AE59-440302DD8E0E}.Release|x64.ActiveCfg = Release|Any CPU
		{D1A5936C-3842-4EF5-AE59-440302DD8E0E}.Release|x64.Build.0 = Release|Any CPU
		{D1A5936C-3842-4EF5-AE59-440302DD8E0E}.Release|x86.ActiveCfg = Release|Any CPU
		{D1A5936C-3842-4EF5-AE59-440302DD8E0E}.Release|x86.Build.0 = Release|Any CPU
		{A25E8306-067D-4E19-80F2-CAD03E5FB24E}.Debug|Any CPU.ActiveCfg = Debug|Any CPU
		{A25E8306-067D-4E19-80F2-CAD03E5FB24E}.Debug|Any CPU.Build.0 = Debug|Any CPU
		{A25E8306-067D-4E19-80F2-CAD03E5FB24E}.Debug|x64.ActiveCfg = Debug|Any CPU
		{A25E8306-067D-4E19-80F2-CAD03E5FB24E}.Debug|x64.Build.0 = Debug|Any CPU
		{A25E8306-067D-4E19-80F2-CAD03E5FB24E}.Debug|x86.ActiveCfg = Debug|Any CPU
		{A25E8306-067D-4E19-80F2-CAD03E5FB24E}.Debug|x86.Build.0 = Debug|Any CPU
		{A25E8306-067D-4E19-80F2-CAD03E5FB24E}.Release|Any CPU.ActiveCfg = Release|Any CPU
		{A25E8306-067D-4E19-80F2-CAD03E5FB24E}.Release|Any CPU.Build.0 = Release|Any CPU
		{A25E8306-067D-4E19-80F2-CAD03E5FB24E}.Release|x64.ActiveCfg = Release|Any CPU
		{A25E8306-067D-4E19-80F2-CAD03E5FB24E}.Release|x64.Build.0 = Release|Any CPU
		{A25E8306-067D-4E19-80F2-CAD03E5FB24E}.Release|x86.ActiveCfg = Release|Any CPU
		{A25E8306-067D-4E19-80F2-CAD03E5FB24E}.Release|x86.Build.0 = Release|Any CPU
		{3E01D04F-2C55-4AFF-9B18-9F4E2D4EB198}.Debug|Any CPU.ActiveCfg = Debug|Any CPU
		{3E01D04F-2C55-4AFF-9B18-9F4E2D4EB198}.Debug|Any CPU.Build.0 = Debug|Any CPU
		{3E01D04F-2C55-4AFF-9B18-9F4E2D4EB198}.Debug|x64.ActiveCfg = Debug|Any CPU
		{3E01D04F-2C55-4AFF-9B18-9F4E2D4EB198}.Debug|x64.Build.0 = Debug|Any CPU
		{3E01D04F-2C55-4AFF-9B18-9F4E2D4EB198}.Debug|x86.ActiveCfg = Debug|Any CPU
		{3E01D04F-2C55-4AFF-9B18-9F4E2D4EB198}.Debug|x86.Build.0 = Debug|Any CPU
		{3E01D04F-2C55-4AFF-9B18-9F4E2D4EB198}.Release|Any CPU.ActiveCfg = Release|Any CPU
		{3E01D04F-2C55-4AFF-9B18-9F4E2D4EB198}.Release|Any CPU.Build.0 = Release|Any CPU
		{3E01D04F-2C55-4AFF-9B18-9F4E2D4EB198}.Release|x64.ActiveCfg = Release|Any CPU
		{3E01D04F-2C55-4AFF-9B18-9F4E2D4EB198}.Release|x64.Build.0 = Release|Any CPU
		{3E01D04F-2C55-4AFF-9B18-9F4E2D4EB198}.Release|x86.ActiveCfg = Release|Any CPU
		{3E01D04F-2C55-4AFF-9B18-9F4E2D4EB198}.Release|x86.Build.0 = Release|Any CPU
		{D10D2D90-A3B8-4099-87B7-C27B2D16C573}.Debug|Any CPU.ActiveCfg = Debug|Any CPU
		{D10D2D90-A3B8-4099-87B7-C27B2D16C573}.Debug|Any CPU.Build.0 = Debug|Any CPU
		{D10D2D90-A3B8-4099-87B7-C27B2D16C573}.Debug|x64.ActiveCfg = Debug|Any CPU
		{D10D2D90-A3B8-4099-87B7-C27B2D16C573}.Debug|x64.Build.0 = Debug|Any CPU
		{D10D2D90-A3B8-4099-87B7-C27B2D16C573}.Debug|x86.ActiveCfg = Debug|Any CPU
		{D10D2D90-A3B8-4099-87B7-C27B2D16C573}.Debug|x86.Build.0 = Debug|Any CPU
		{D10D2D90-A3B8-4099-87B7-C27B2D16C573}.Release|Any CPU.ActiveCfg = Release|Any CPU
		{D10D2D90-A3B8-4099-87B7-C27B2D16C573}.Release|Any CPU.Build.0 = Release|Any CPU
		{D10D2D90-A3B8-4099-87B7-C27B2D16C573}.Release|x64.ActiveCfg = Release|Any CPU
		{D10D2D90-A3B8-4099-87B7-C27B2D16C573}.Release|x64.Build.0 = Release|Any CPU
		{D10D2D90-A3B8-4099-87B7-C27B2D16C573}.Release|x86.ActiveCfg = Release|Any CPU
		{D10D2D90-A3B8-4099-87B7-C27B2D16C573}.Release|x86.Build.0 = Release|Any CPU
	EndGlobalSection
	GlobalSection(SolutionProperties) = preSolution
		HideSolutionNode = FALSE
	EndGlobalSection
	GlobalSection(ExtensibilityGlobals) = postSolution
		SolutionGuid = {89875088-83CB-4C75-90A0-695EA34B3FCF}
	EndGlobalSection
EndGlobal
